
Microsoft Visual Studio Solution File, Format Version 12.00
# Visual Studio Version 16
VisualStudioVersion = 16.0.30225.117
MinimumVisualStudioVersion = 10.0.40219.1
Project("{9A19103F-16F7-4668-BE54-9A1E7A4F7556}") = "WolfPeopleKill", "WolfPeopleKill\WolfPeopleKill.csproj", "{94B22098-9EC7-4670-873B-B79C996E4B87}"
EndProject
Project("{9A19103F-16F7-4668-BE54-9A1E7A4F7556}") = "WolfPeopleKillTests", "WolfPeopleKillTests\WolfPeopleKillTests.csproj", "{90D17CE3-67BF-441A-A2BA-86280576BFE1}"
EndProject
Global
	GlobalSection(SolutionConfigurationPlatforms) = preSolution
		Debug|Any CPU = Debug|Any CPU
		Release|Any CPU = Release|Any CPU
	EndGlobalSection
	GlobalSection(ProjectConfigurationPlatforms) = postSolution
		{94B22098-9EC7-4670-873B-B79C996E4B87}.Debug|Any CPU.ActiveCfg = Debug|Any CPU
		{94B22098-9EC7-4670-873B-B79C996E4B87}.Debug|Any CPU.Build.0 = Debug|Any CPU
		{94B22098-9EC7-4670-873B-B79C996E4B87}.Release|Any CPU.ActiveCfg = Release|Any CPU
		{94B22098-9EC7-4670-873B-B79C996E4B87}.Release|Any CPU.Build.0 = Release|Any CPU
		{90D17CE3-67BF-441A-A2BA-86280576BFE1}.Debug|Any CPU.ActiveCfg = Debug|Any CPU
		{90D17CE3-67BF-441A-A2BA-86280576BFE1}.Debug|Any CPU.Build.0 = Debug|Any CPU
		{90D17CE3-67BF-441A-A2BA-86280576BFE1}.Release|Any CPU.ActiveCfg = Release|Any CPU
		{90D17CE3-67BF-441A-A2BA-86280576BFE1}.Release|Any CPU.Build.0 = Release|Any CPU
	EndGlobalSection
	GlobalSection(SolutionProperties) = preSolution
		HideSolutionNode = FALSE
	EndGlobalSection
	GlobalSection(ExtensibilityGlobals) = postSolution
		SolutionGuid = {C1E29535-7E39-4C88-AF55-7EF3912C6F39}
	EndGlobalSection
EndGlobal
